
Microsoft Visual Studio Solution File, Format Version 11.00
# Visual Studio 2010
<<<<<<< HEAD
<<<<<<< HEAD
<<<<<<< HEAD
<<<<<<< HEAD
Project("{FAE04EC0-301F-11D3-BF4B-00C04F79EFBC}") = "TutMaze", "Assembly-CSharp-firstpass.csproj", "{F5AB6DEE-D2E7-99E7-0970-4C9C68C486E9}"
EndProject
<<<<<<< HEAD
<<<<<<< HEAD
=======
>>>>>>> parent of f8ff400... Merge branch 'master' of https://github.com/cycodeho/TutMaze
=======
>>>>>>> parent of f8ff400... Merge branch 'master' of https://github.com/cycodeho/TutMaze
=======
>>>>>>> parent of 7c358c4... Merge branch 'master' of https://github.com/cycodeho/TutMaze
=======
>>>>>>> parent of 7c358c4... Merge branch 'master' of https://github.com/cycodeho/TutMaze
Project("{FAE04EC0-301F-11D3-BF4B-00C04F79EFBC}") = "TutMaze", "Assembly-CSharp.csproj", "{FE30233F-FED0-CA2A-AB4D-8E31F25042A6}"
EndProject
Project("{FAE04EC0-301F-11D3-BF4B-00C04F79EFBC}") = "TutMaze", "Assembly-CSharp-firstpass.csproj", "{F5AB6DEE-D2E7-99E7-0970-4C9C68C486E9}"
=======
Project("{FAE04EC0-301F-11D3-BF4B-00C04F79EFBC}") = "TutMaze", "Assembly-CSharp.csproj", "{FE30233F-FED0-CA2A-AB4D-8E31F25042A6}"
EndProject
<<<<<<< HEAD
Project("{FAE04EC0-301F-11D3-BF4B-00C04F79EFBC}") = "TutMaze", "Assembly-CSharp-firstpass.csproj", "{F5AB6DEE-D2E7-99E7-0970-4C9C68C486E9}"
=======
Project("{FAE04EC0-301F-11D3-BF4B-00C04F79EFBC}") = "TutMaze", "Assembly-CSharp.csproj", "{FE30233F-FED0-CA2A-AB4D-8E31F25042A6}"
EndProject
Project("{FAE04EC0-301F-11D3-BF4B-00C04F79EFBC}") = "TutMaze", "Assembly-CSharp-firstpass.csproj", "{F5AB6DEE-D2E7-99E7-0970-4C9C68C486E9}"
>>>>>>> parent of d90e23b... reshape Asset Resource
EndProject
Project("{FAE04EC0-301F-11D3-BF4B-00C04F79EFBC}") = "TutMaze", "Assembly-CSharp-Editor.csproj", "{07ECDD51-A49F-94FD-3C35-1304C0C123D0}"
>>>>>>> parent of d90e23b... reshape Asset Resource
EndProject
Project("{FAE04EC0-301F-11D3-BF4B-00C04F79EFBC}") = "TutMaze", "Assembly-CSharp-Editor-firstpass.csproj", "{3521A40D-7256-DC9A-8882-7CB954B29591}"
EndProject
=======
Project("{FAE04EC0-301F-11D3-BF4B-00C04F79EFBC}") = "TutMaze", "Assembly-CSharp-Editor-firstpass.csproj", "{3521A40D-7256-DC9A-8882-7CB954B29591}"
EndProject
>>>>>>> parent of 7c358c4... Merge branch 'master' of https://github.com/cycodeho/TutMaze
Global
	GlobalSection(SolutionConfigurationPlatforms) = preSolution
		Debug|Any CPU = Debug|Any CPU
		Release|Any CPU = Release|Any CPU
	EndGlobalSection
	GlobalSection(ProjectConfigurationPlatforms) = postSolution
<<<<<<< HEAD
<<<<<<< HEAD
<<<<<<< HEAD
<<<<<<< HEAD
		{F5AB6DEE-D2E7-99E7-0970-4C9C68C486E9}.Debug|Any CPU.ActiveCfg = Debug|Any CPU
		{F5AB6DEE-D2E7-99E7-0970-4C9C68C486E9}.Debug|Any CPU.Build.0 = Debug|Any CPU
		{F5AB6DEE-D2E7-99E7-0970-4C9C68C486E9}.Release|Any CPU.ActiveCfg = Release|Any CPU
		{F5AB6DEE-D2E7-99E7-0970-4C9C68C486E9}.Release|Any CPU.Build.0 = Release|Any CPU
<<<<<<< HEAD
<<<<<<< HEAD
=======
>>>>>>> parent of f8ff400... Merge branch 'master' of https://github.com/cycodeho/TutMaze
=======
>>>>>>> parent of f8ff400... Merge branch 'master' of https://github.com/cycodeho/TutMaze
=======
>>>>>>> parent of 7c358c4... Merge branch 'master' of https://github.com/cycodeho/TutMaze
=======
>>>>>>> parent of d90e23b... reshape Asset Resource
=======
>>>>>>> parent of d90e23b... reshape Asset Resource
=======
>>>>>>> parent of 7c358c4... Merge branch 'master' of https://github.com/cycodeho/TutMaze
		{FE30233F-FED0-CA2A-AB4D-8E31F25042A6}.Debug|Any CPU.ActiveCfg = Debug|Any CPU
		{FE30233F-FED0-CA2A-AB4D-8E31F25042A6}.Debug|Any CPU.Build.0 = Debug|Any CPU
		{FE30233F-FED0-CA2A-AB4D-8E31F25042A6}.Release|Any CPU.ActiveCfg = Release|Any CPU
		{FE30233F-FED0-CA2A-AB4D-8E31F25042A6}.Release|Any CPU.Build.0 = Release|Any CPU
<<<<<<< HEAD
<<<<<<< HEAD
<<<<<<< HEAD
<<<<<<< HEAD
=======
=======
>>>>>>> parent of d90e23b... reshape Asset Resource
		{F5AB6DEE-D2E7-99E7-0970-4C9C68C486E9}.Debug|Any CPU.ActiveCfg = Debug|Any CPU
		{F5AB6DEE-D2E7-99E7-0970-4C9C68C486E9}.Debug|Any CPU.Build.0 = Debug|Any CPU
		{F5AB6DEE-D2E7-99E7-0970-4C9C68C486E9}.Release|Any CPU.ActiveCfg = Release|Any CPU
		{F5AB6DEE-D2E7-99E7-0970-4C9C68C486E9}.Release|Any CPU.Build.0 = Release|Any CPU
<<<<<<< HEAD
>>>>>>> parent of d90e23b... reshape Asset Resource
=======
>>>>>>> parent of d90e23b... reshape Asset Resource
		{07ECDD51-A49F-94FD-3C35-1304C0C123D0}.Debug|Any CPU.ActiveCfg = Debug|Any CPU
		{07ECDD51-A49F-94FD-3C35-1304C0C123D0}.Debug|Any CPU.Build.0 = Debug|Any CPU
		{07ECDD51-A49F-94FD-3C35-1304C0C123D0}.Release|Any CPU.ActiveCfg = Release|Any CPU
		{07ECDD51-A49F-94FD-3C35-1304C0C123D0}.Release|Any CPU.Build.0 = Release|Any CPU
<<<<<<< HEAD
<<<<<<< HEAD
=======
=======
>>>>>>> parent of f8ff400... Merge branch 'master' of https://github.com/cycodeho/TutMaze
		{F5AB6DEE-D2E7-99E7-0970-4C9C68C486E9}.Debug|Any CPU.ActiveCfg = Debug|Any CPU
		{F5AB6DEE-D2E7-99E7-0970-4C9C68C486E9}.Debug|Any CPU.Build.0 = Debug|Any CPU
		{F5AB6DEE-D2E7-99E7-0970-4C9C68C486E9}.Release|Any CPU.ActiveCfg = Release|Any CPU
		{F5AB6DEE-D2E7-99E7-0970-4C9C68C486E9}.Release|Any CPU.Build.0 = Release|Any CPU
<<<<<<< HEAD
>>>>>>> parent of f8ff400... Merge branch 'master' of https://github.com/cycodeho/TutMaze
=======
>>>>>>> parent of f8ff400... Merge branch 'master' of https://github.com/cycodeho/TutMaze
=======
>>>>>>> parent of 7c358c4... Merge branch 'master' of https://github.com/cycodeho/TutMaze
=======
>>>>>>> parent of 7c358c4... Merge branch 'master' of https://github.com/cycodeho/TutMaze
		{3521A40D-7256-DC9A-8882-7CB954B29591}.Debug|Any CPU.ActiveCfg = Debug|Any CPU
		{3521A40D-7256-DC9A-8882-7CB954B29591}.Debug|Any CPU.Build.0 = Debug|Any CPU
		{3521A40D-7256-DC9A-8882-7CB954B29591}.Release|Any CPU.ActiveCfg = Release|Any CPU
		{3521A40D-7256-DC9A-8882-7CB954B29591}.Release|Any CPU.Build.0 = Release|Any CPU
	EndGlobalSection
	GlobalSection(SolutionProperties) = preSolution
		HideSolutionNode = FALSE
	EndGlobalSection
	GlobalSection(MonoDevelopProperties) = preSolution
		StartupItem = Assembly-CSharp.csproj
	EndGlobalSection
EndGlobal
